# This file is autogenerated, do not edit; changes may be undone by the next 'dep ensure'.


[[projects]]
  name = "github.com/Microsoft/go-winio"
  packages = ["."]
  revision = "7da180ee92d8bd8bb8c37fc560e673e6557c392f"
  version = "v0.4.7"

[[projects]]
  branch = "master"
  name = "github.com/PolarGeospatialCenter/dockertest"
  packages = ["pkg/docker","pkg/dynamodb"]
  revision = "398dfb5b2194221bfe47349ec296e78abda13b3e"

[[projects]]
  name = "github.com/aws/aws-lambda-go"
  packages = ["events","lambda","lambda/messages","lambdacontext"]
  revision = "fafa7e49388b8991caf99308e80655ba91816b72"
  version = "v1.1.0"

[[projects]]
  branch = "master"
  name = "github.com/azenk/iputils"
  packages = ["."]
  revision = "a8405f62d18e52f9446ef8d9658e2e17d1eda1bf"

[[projects]]
  name = "github.com/docker/distribution"
  packages = ["digestset","reference"]
  revision = "edc3ab29cdff8694dd6feb85cfeb4b5f1b38ed9c"

[[projects]]
  name = "github.com/docker/docker"
  packages = ["api/types","api/types/blkiodev","api/types/container","api/types/events","api/types/filters","api/types/mount","api/types/network","api/types/reference","api/types/registry","api/types/strslice","api/types/swarm","api/types/time","api/types/versions","api/types/volume","client","pkg/tlsconfig"]
  revision = "092cba3727bb9b4a2f0e922cd6c0f93ea270e363"
  version = "v1.13.1"

[[projects]]
  name = "github.com/docker/go-connections"
  packages = ["nat","sockets","tlsconfig"]
  revision = "3ede32e2033de7505e6500d6c868c2b9ed9f169d"
  version = "v0.3.0"

[[projects]]
  name = "github.com/docker/go-units"
  packages = ["."]
  revision = "0dadbb0345b35ec7ef35e228dabb8de89a65bf52"
  version = "v0.3.2"

[[projects]]
  name = "github.com/go-resty/resty"
  packages = ["."]
  revision = "fc3ad735b5565cada42d34bc298573fd3fe5adc6"
  version = "v1.6"

[[projects]]
  name = "github.com/go-test/deep"
  packages = ["."]
  revision = "6592d9cc0a499ad2d5f574fde80a2b5c5cc3b4f5"
  version = "v1.0.1"

[[projects]]
  name = "github.com/opencontainers/go-digest"
  packages = ["."]
  revision = "279bed98673dd5bef374d3b6e4b09e2af76183bf"
  version = "v1.0.0-rc1"

[[projects]]
  name = "github.com/pkg/errors"
  packages = ["."]
  revision = "645ef00459ed84a119197bfb8d8205042c6df63d"
  version = "v0.8.0"

[[projects]]
  branch = "master"
  name = "golang.org/x/net"
  packages = ["context","context/ctxhttp","idna","proxy","publicsuffix"]
  revision = "b68f30494add4df6bd8ef5e82803f308e7f7c59c"

[[projects]]
  branch = "master"
  name = "golang.org/x/sys"
  packages = ["windows"]
  revision = "378d26f46672a356c46195c28f61bdb4c0a781dd"

[[projects]]
  name = "golang.org/x/text"
  packages = ["collate","collate/build","internal/colltab","internal/gen","internal/tag","internal/triegen","internal/ucd","language","secure/bidirule","transform","unicode/bidi","unicode/cldr","unicode/norm","unicode/rangetable"]
  revision = "f21a4dfb5e38f5895301dc265a8def02365cc3d0"
  version = "v0.3.0"

[[projects]]
  name = "gopkg.in/h2non/gock.v1"
  packages = ["."]
  revision = "4692cba4394f79372bfe85996501ad43db9d82e0"
  version = "v1.0.9"

[[projects]]
  name = "gopkg.in/yaml.v2"
  packages = ["."]
  revision = "5420a8b6744d3b0345ab293f6fcba19c978f1183"
  version = "v2.2.1"

[solve-meta]
  analyzer-name = "dep"
  analyzer-version = 1
  inputs-digest = "2fef8e86a297cea4acd49cb583752c1e05c15a02a29af8f3a44cd13a2a08d970"
  solver-name = "gps-cdcl"
  solver-version = 1
