# This file is autogenerated, do not edit; changes may be undone by the next 'dep ensure'.


[[projects]]
  digest = "1:6331095c1906771fbe129fe4a1f94ac5b5a97b0f60f2f80653bb95c3e5dad81e"
  name = "github.com/Microsoft/go-winio"
  packages = ["."]
  pruneopts = ""
  revision = "7da180ee92d8bd8bb8c37fc560e673e6557c392f"
  version = "v0.4.7"

[[projects]]
  branch = "master"
  digest = "1:b1eb58842694bd5b2c9a40ac384442fc6187d3771c7211638c56eb918a54bc14"
  name = "github.com/PolarGeospatialCenter/dockertest"
  packages = [
    "pkg/docker",
    "pkg/dynamodb",
  ]
  pruneopts = ""
  revision = "398dfb5b2194221bfe47349ec296e78abda13b3e"

[[projects]]
  branch = "master"
  digest = "1:9b5be57aa84633e73392e294fb22934e602f08ef97103fb74453846761be4f4f"
  name = "github.com/PolarGeospatialCenter/vaulthelper"
  packages = ["pkg/vaulthelper"]
  pruneopts = ""
  revision = "b939d74c3bd2c958dd7407e43db08aa23b9361f7"

[[projects]]
  digest = "1:ff61b1cc37735f21fdcfc1674ece799a767b0fe552e9b6e2bc16f76d750227b6"
  name = "github.com/aws/aws-lambda-go"
  packages = [
    "events",
    "lambda",
    "lambda/messages",
    "lambdacontext",
  ]
  pruneopts = ""
  revision = "fafa7e49388b8991caf99308e80655ba91816b72"
  version = "v1.1.0"

[[projects]]
  branch = "master"
  digest = "1:9815d8eef7ed0c3515cdee0208b0b3730dda85386c4c9e56d5f10746d0150103"
  name = "github.com/azenk/iputils"
  packages = ["."]
  pruneopts = ""
  revision = "d1883c0677d345c28f243fefa6008f3f044b6e17"

[[projects]]
  digest = "1:522eff2a1f014a64fb403db60fc0110653e4dc5b59779894d208e697b0708ddc"
  name = "github.com/docker/distribution"
  packages = [
    "digestset",
    "reference",
  ]
  pruneopts = ""
  revision = "edc3ab29cdff8694dd6feb85cfeb4b5f1b38ed9c"

[[projects]]
  digest = "1:a60acfb78bd12ce7b2101f0cc0bca8cd83db6aa60bf1e6ddfd33e83013083ddf"
  name = "github.com/docker/docker"
  packages = [
    "api/types",
    "api/types/blkiodev",
    "api/types/container",
    "api/types/events",
    "api/types/filters",
    "api/types/mount",
    "api/types/network",
    "api/types/reference",
    "api/types/registry",
    "api/types/strslice",
    "api/types/swarm",
    "api/types/time",
    "api/types/versions",
    "api/types/volume",
    "client",
    "pkg/tlsconfig",
  ]
  pruneopts = ""
  revision = "092cba3727bb9b4a2f0e922cd6c0f93ea270e363"
  version = "v1.13.1"

[[projects]]
  digest = "1:a5ecc2e70260a87aa263811281465a5effcfae8a54bac319cee87c4625f04d63"
  name = "github.com/docker/go-connections"
  packages = [
    "nat",
    "sockets",
    "tlsconfig",
  ]
  pruneopts = ""
  revision = "3ede32e2033de7505e6500d6c868c2b9ed9f169d"
  version = "v0.3.0"

[[projects]]
  digest = "1:a406cae5eda48c01f8171bd47beb038751393f25ac06774ce04f9d6b0b703f17"
  name = "github.com/docker/go-units"
  packages = ["."]
  pruneopts = ""
  revision = "0dadbb0345b35ec7ef35e228dabb8de89a65bf52"
  version = "v0.3.2"

[[projects]]
  digest = "1:eb53021a8aa3f599d29c7102e65026242bdedce998a54837dc67f14b6a97c5fd"
  name = "github.com/fsnotify/fsnotify"
  packages = ["."]
  pruneopts = ""
  revision = "c2828203cd70a50dcccfb2761f8b1f8ceef9a8e9"
  version = "v1.4.7"

[[projects]]
  digest = "1:db9be2eabe132828a689af1f7fe63764ab1fb04168b8b6a78f35daf45328da3d"
  name = "github.com/go-resty/resty"
  packages = ["."]
  pruneopts = ""
  revision = "fc3ad735b5565cada42d34bc298573fd3fe5adc6"
  version = "v1.6"

[[projects]]
  digest = "1:fb6b4ea21671a4a8037cccc0a582caada51b4ac550219f42b9e8ce4671bc568b"
  name = "github.com/go-test/deep"
  packages = ["."]
  pruneopts = ""
  revision = "6592d9cc0a499ad2d5f574fde80a2b5c5cc3b4f5"
  version = "v1.0.1"

[[projects]]
  branch = "master"
  digest = "1:2a5888946cdbc8aa360fd43301f9fc7869d663f60d5eedae7d4e6e5e4f06f2bf"
  name = "github.com/golang/snappy"
  packages = ["."]
  pruneopts = ""
  revision = "2e65f85255dbc3072edf28d6b5b8efc472979f5a"

[[projects]]
  digest = "1:8e3bd93036b4a925fe2250d3e4f38f21cadb8ef623561cd80c3c50c114b13201"
  name = "github.com/hashicorp/errwrap"
  packages = ["."]
  pruneopts = ""
  revision = "8a6fb523712970c966eefc6b39ed2c5e74880354"
  version = "v1.0.0"

[[projects]]
  digest = "1:05334858a0cfb538622a066e065287f63f42bee26a7fda93a789674225057201"
  name = "github.com/hashicorp/go-cleanhttp"
  packages = ["."]
  pruneopts = ""
  revision = "e8ab9daed8d1ddd2d3c4efba338fe2eeae2e4f18"
  version = "v0.5.0"

[[projects]]
  digest = "1:72308fdd6d5ef61106a95be7ca72349a5565809042b6426a3cfb61d99483b824"
  name = "github.com/hashicorp/go-multierror"
  packages = ["."]
  pruneopts = ""
  revision = "886a7fbe3eb1c874d46f623bfa70af45f425b3d1"
  version = "v1.0.0"

[[projects]]
  digest = "1:62327a30877f944b5fd23d130487731a3004b319ff1864daa677d7e554898cc1"
  name = "github.com/hashicorp/go-retryablehttp"
  packages = ["."]
  pruneopts = ""
  revision = "4502c0ecdaf0b50d857611af23831260f99be6bf"
  version = "v0.5.0"

[[projects]]
  branch = "master"
  digest = "1:ff65bf6fc4d1116f94ac305342725c21b55c16819c2606adc8f527755716937f"
  name = "github.com/hashicorp/go-rootcerts"
  packages = ["."]
  pruneopts = ""
  revision = "6bb64b370b90e7ef1fa532be9e591a81c3493e00"

[[projects]]
  branch = "master"
  digest = "1:fd8ec2359315965bb6b84fd8e45cd5e8b58b80d8430dc96c8c5dfce46d30dbfc"
  name = "github.com/hashicorp/go-sockaddr"
  packages = ["."]
  pruneopts = ""
  revision = "6d291a969b86c4b633730bfc6b8b9d64c3aafed9"

[[projects]]
  digest = "1:d14365c51dd1d34d5c79833ec91413bfbb166be978724f15701e17080dc06dec"
  name = "github.com/hashicorp/hcl"
  packages = [
    ".",
    "hcl/ast",
    "hcl/parser",
    "hcl/printer",
    "hcl/scanner",
    "hcl/strconv",
    "hcl/token",
    "json/parser",
    "json/scanner",
    "json/token",
  ]
  pruneopts = ""
  revision = "8cb6e5b959231cc1119e43259c4a608f9c51a241"
  version = "v1.0.0"

[[projects]]
  digest = "1:240da863e594d8ee4e9a374fa1e3c4bce448f49ee98298feb87621754ee9988a"
  name = "github.com/hashicorp/vault"
  packages = [
    "api",
    "helper/compressutil",
    "helper/consts",
    "helper/hclutil",
    "helper/jsonutil",
    "helper/parseutil",
    "helper/strutil",
  ]
  pruneopts = ""
  revision = "612120e76de651ef669c9af5e77b27a749b0dba3"
  version = "v0.11.4"

[[projects]]
  digest = "1:961dc3b1d11f969370533390fdf203813162980c858e1dabe827b60940c909a5"
  name = "github.com/magiconair/properties"
  packages = ["."]
  pruneopts = ""
  revision = "c2353362d570a7bfa228149c62842019201cfb71"
  version = "v1.8.0"

[[projects]]
  digest = "1:096a8a9182648da3d00ff243b88407838902b6703fc12657f76890e08d1899bf"
  name = "github.com/mitchellh/go-homedir"
  packages = ["."]
  pruneopts = ""
  revision = "ae18d6b8b3205b561c79e8e5f69bff09736185f4"
  version = "v1.0.0"

[[projects]]
  digest = "1:bcc46a0fbd9e933087bef394871256b5c60269575bb661935874729c65bbbf60"
  name = "github.com/mitchellh/mapstructure"
  packages = ["."]
  pruneopts = ""
  revision = "3536a929edddb9a5b34bd6861dc4a9647cb459fe"
  version = "v1.1.2"

[[projects]]
  digest = "1:5d9b668b0b4581a978f07e7d2e3314af18eb27b3fb5d19b70185b7c575723d11"
  name = "github.com/opencontainers/go-digest"
  packages = ["."]
  pruneopts = ""
  revision = "279bed98673dd5bef374d3b6e4b09e2af76183bf"
  version = "v1.0.0-rc1"

[[projects]]
  digest = "1:894aef961c056b6d85d12bac890bf60c44e99b46292888bfa66caf529f804457"
  name = "github.com/pelletier/go-toml"
  packages = ["."]
  pruneopts = ""
  revision = "c01d1270ff3e442a8a57cddc1c92dc1138598194"
  version = "v1.2.0"

[[projects]]
  digest = "1:b1df71d0b2287062b90c6b4c8d3c934440aa0d2eb201d03f22be0f045860b4aa"
  name = "github.com/pierrec/lz4"
  packages = [
    ".",
    "internal/xxh32",
  ]
  pruneopts = ""
  revision = "635575b42742856941dbc767b44905bb9ba083f6"
  version = "v2.0.7"

[[projects]]
  digest = "1:7365acd48986e205ccb8652cc746f09c8b7876030d53710ea6ef7d0bd0dcd7ca"
  name = "github.com/pkg/errors"
  packages = ["."]
  pruneopts = ""
  revision = "645ef00459ed84a119197bfb8d8205042c6df63d"
  version = "v0.8.0"

[[projects]]
  digest = "1:29df111893b87bd947307aab294c042e900c2f29c53ad3896127955b4283728a"
  name = "github.com/ryanuber/go-glob"
  packages = ["."]
  pruneopts = ""
  revision = "572520ed46dbddaed19ea3d9541bdd0494163693"
  version = "v0.1"

[[projects]]
  digest = "1:d0431c2fd72e39ee43ea7742322abbc200c3e704c9102c5c3c2e2e667095b0ca"
  name = "github.com/spf13/afero"
  packages = [
    ".",
    "mem",
  ]
  pruneopts = ""
  revision = "d40851caa0d747393da1ffb28f7f9d8b4eeffebd"
  version = "v1.1.2"

[[projects]]
  digest = "1:ae3493c780092be9d576a1f746ab967293ec165e8473425631f06658b6212afc"
  name = "github.com/spf13/cast"
  packages = ["."]
  pruneopts = ""
  revision = "8c9545af88b134710ab1cd196795e7f2388358d7"
  version = "v1.3.0"

[[projects]]
  digest = "1:9ceffa4ab5f7195ecf18b3a7fff90c837a9ed5e22e66d18069e4bccfe1f52aa0"
  name = "github.com/spf13/jwalterweatherman"
  packages = ["."]
  pruneopts = ""
  revision = "4a4406e478ca629068e7768fc33f3f044173c0a6"
  version = "v1.0.0"

[[projects]]
  digest = "1:cbaf13cdbfef0e4734ed8a7504f57fe893d471d62a35b982bf6fb3f036449a66"
  name = "github.com/spf13/pflag"
  packages = ["."]
  pruneopts = ""
  revision = "298182f68c66c05229eb03ac171abe6e309ee79a"
  version = "v1.0.3"

[[projects]]
  digest = "1:1ed7a19588d3b74fc6a45fe89f95aa980a34870342fb9c3183b19cad08b18a1e"
  name = "github.com/spf13/viper"
  packages = ["."]
  pruneopts = ""
  revision = "2c12c60302a5a0e62ee102ca9bc996277c2f64f5"
  version = "v1.2.1"

[[projects]]
  branch = "master"
  digest = "1:a2702fb9a1197a9d8dea2cdbc23f785d326563da44e261a8ecac9f1da5bad9cb"
  name = "golang.org/x/net"
  packages = [
    "context",
    "context/ctxhttp",
    "http2",
    "http2/hpack",
    "idna",
    "lex/httplex",
    "proxy",
    "publicsuffix",
  ]
  pruneopts = ""
  revision = "b68f30494add4df6bd8ef5e82803f308e7f7c59c"

[[projects]]
  branch = "master"
  digest = "1:e80ec2e647548e8fd36bb104d39220f162b72f9222507f0fc1d5f0b7618a5e9f"
  name = "golang.org/x/sys"
  packages = [
    "unix",
    "windows",
  ]
  pruneopts = ""
  revision = "378d26f46672a356c46195c28f61bdb4c0a781dd"

[[projects]]
  digest = "1:5acd3512b047305d49e8763eef7ba423901e85d5dd2fd1e71778a0ea8de10bd4"
  name = "golang.org/x/text"
  packages = [
    "collate",
    "collate/build",
    "internal/colltab",
    "internal/gen",
    "internal/tag",
    "internal/triegen",
    "internal/ucd",
    "language",
    "secure/bidirule",
    "transform",
    "unicode/bidi",
    "unicode/cldr",
    "unicode/norm",
    "unicode/rangetable",
  ]
  pruneopts = ""
  revision = "f21a4dfb5e38f5895301dc265a8def02365cc3d0"
  version = "v0.3.0"

[[projects]]
  branch = "master"
  digest = "1:14cb1d4240bcbbf1386ae763957e04e2765ec4e4ce7bb2769d05fa6faccd774e"
  name = "golang.org/x/time"
  packages = ["rate"]
  pruneopts = ""
  revision = "85acf8d2951cb2a3bde7632f9ff273ef0379bcbd"

[[projects]]
  digest = "1:97139857c282164af86895a0b04661ca548a0acf9c8911b5ff04b62886c98b20"
  name = "gopkg.in/h2non/gock.v1"
  packages = ["."]
  pruneopts = ""
  revision = "4692cba4394f79372bfe85996501ad43db9d82e0"
  version = "v1.0.9"

[[projects]]
  digest = "1:f0620375dd1f6251d9973b5f2596228cc8042e887cd7f827e4220bc1ce8c30e2"
  name = "gopkg.in/yaml.v2"
  packages = ["."]
  pruneopts = ""
  revision = "5420a8b6744d3b0345ab293f6fcba19c978f1183"
  version = "v2.2.1"

[solve-meta]
  analyzer-name = "dep"
  analyzer-version = 1
  input-imports = [
    "github.com/PolarGeospatialCenter/dockertest/pkg/dynamodb",
    "github.com/PolarGeospatialCenter/vaulthelper/pkg/vaulthelper",
    "github.com/aws/aws-lambda-go/events",
    "github.com/aws/aws-lambda-go/lambda",
    "github.com/azenk/iputils",
    "github.com/go-resty/resty",
    "github.com/go-test/deep",
    "github.com/hashicorp/vault/api",
    "github.com/spf13/viper",
    "gopkg.in/h2non/gock.v1",
    "gopkg.in/yaml.v2",
  ]
  solver-name = "gps-cdcl"
  solver-version = 1
